// !$*UTF8*$!
{
	archiveVersion = 1;
	classes = {
	};
	objectVersion = 46;
	objects = {

/* Begin PBXBuildFile section */
		64072B141DFE5DCE00DBDD72 /* rtp.cpp in Sources */ = {isa = PBXBuildFile; fileRef = 64072B121DFE5DCE00DBDD72 /* rtp.cpp */; };
		649B95E21DF960B500DABB1A /* main.cpp in Sources */ = {isa = PBXBuildFile; fileRef = 649B95E11DF960B500DABB1A /* main.cpp */; };
		649B95EA1DF960FB00DABB1A /* pcap.cpp in Sources */ = {isa = PBXBuildFile; fileRef = 649B95E91DF960FB00DABB1A /* pcap.cpp */; };
/* End PBXBuildFile section */

/* Begin PBXCopyFilesBuildPhase section */
		649B95DC1DF960B500DABB1A /* CopyFiles */ = {
			isa = PBXCopyFilesBuildPhase;
			buildActionMask = 2147483647;
			dstPath = /usr/share/man/man1/;
			dstSubfolderSpec = 0;
			files = (
			);
			runOnlyForDeploymentPostprocessing = 1;
		};
/* End PBXCopyFilesBuildPhase section */

/* Begin PBXFileReference section */
		64072B121DFE5DCE00DBDD72 /* rtp.cpp */ = {isa = PBXFileReference; fileEncoding = 4; lastKnownFileType = sourcecode.cpp.cpp; path = rtp.cpp; sourceTree = "<group>"; };
		64072B131DFE5DCE00DBDD72 /* rtp.h */ = {isa = PBXFileReference; fileEncoding = 4; lastKnownFileType = sourcecode.c.h; path = rtp.h; sourceTree = "<group>"; };
		649B95DE1DF960B500DABB1A /* pcap */ = {isa = PBXFileReference; explicitFileType = "compiled.mach-o.executable"; includeInIndex = 0; path = pcap; sourceTree = BUILT_PRODUCTS_DIR; };
		649B95E11DF960B500DABB1A /* main.cpp */ = {isa = PBXFileReference; lastKnownFileType = sourcecode.cpp.cpp; path = main.cpp; sourceTree = "<group>"; };
		649B95E81DF960D200DABB1A /* pcap.h */ = {isa = PBXFileReference; lastKnownFileType = sourcecode.c.h; path = pcap.h; sourceTree = "<group>"; };
		649B95E91DF960FB00DABB1A /* pcap.cpp */ = {isa = PBXFileReference; fileEncoding = 4; lastKnownFileType = sourcecode.cpp.cpp; path = pcap.cpp; sourceTree = "<group>"; };
/* End PBXFileReference section */

/* Begin PBXFrameworksBuildPhase section */
		649B95DB1DF960B500DABB1A /* Frameworks */ = {
			isa = PBXFrameworksBuildPhase;
			buildActionMask = 2147483647;
			files = (
			);
			runOnlyForDeploymentPostprocessing = 0;
		};
/* End PBXFrameworksBuildPhase section */

/* Begin PBXGroup section */
		649B95D51DF960B500DABB1A = {
			isa = PBXGroup;
			children = (
				649B95E01DF960B500DABB1A /* pcap */,
				649B95DF1DF960B500DABB1A /* Products */,
			);
			sourceTree = "<group>";
		};
		649B95DF1DF960B500DABB1A /* Products */ = {
			isa = PBXGroup;
			children = (
				649B95DE1DF960B500DABB1A /* pcap */,
			);
			name = Products;
			sourceTree = "<group>";
		};
		649B95E01DF960B500DABB1A /* pcap */ = {
			isa = PBXGroup;
			children = (
				64072B121DFE5DCE00DBDD72 /* rtp.cpp */,
				64072B131DFE5DCE00DBDD72 /* rtp.h */,
				649B95E11DF960B500DABB1A /* main.cpp */,
				649B95E81DF960D200DABB1A /* pcap.h */,
				649B95E91DF960FB00DABB1A /* pcap.cpp */,
			);
			path = pcap;
			sourceTree = "<group>";
		};
/* End PBXGroup section */

/* Begin PBXNativeTarget section */
		649B95DD1DF960B500DABB1A /* pcap */ = {
			isa = PBXNativeTarget;
			buildConfigurationList = 649B95E51DF960B500DABB1A /* Build configuration list for PBXNativeTarget "pcap" */;
			buildPhases = (
				649B95DA1DF960B500DABB1A /* Sources */,
				649B95DB1DF960B500DABB1A /* Frameworks */,
				649B95DC1DF960B500DABB1A /* CopyFiles */,
			);
			buildRules = (
			);
			dependencies = (
			);
			name = pcap;
			productName = pcap;
			productReference = 649B95DE1DF960B500DABB1A /* pcap */;
			productType = "com.apple.product-type.tool";
		};
/* End PBXNativeTarget section */

/* Begin PBXProject section */
		649B95D61DF960B500DABB1A /* Project object */ = {
			isa = PBXProject;
			attributes = {
				LastUpgradeCheck = 0810;
				ORGANIZATIONNAME = "喻军";
				TargetAttributes = {
					649B95DD1DF960B500DABB1A = {
						CreatedOnToolsVersion = 8.1;
						ProvisioningStyle = Automatic;
					};
				};
			};
			buildConfigurationList = 649B95D91DF960B500DABB1A /* Build configuration list for PBXProject "pcap" */;
			compatibilityVersion = "Xcode 3.2";
			developmentRegion = English;
			hasScannedForEncodings = 0;
			knownRegions = (
				en,
			);
			mainGroup = 649B95D51DF960B500DABB1A;
			productRefGroup = 649B95DF1DF960B500DABB1A /* Products */;
			projectDirPath = "";
			projectRoot = "";
			targets = (
				649B95DD1DF960B500DABB1A /* pcap */,
			);
		};
/* End PBXProject section */

/* Begin PBXSourcesBuildPhase section */
		649B95DA1DF960B500DABB1A /* Sources */ = {
			isa = PBXSourcesBuildPhase;
			buildActionMask = 2147483647;
			files = (
				64072B141DFE5DCE00DBDD72 /* rtp.cpp in Sources */,
				649B95E21DF960B500DABB1A /* main.cpp in Sources */,
				649B95EA1DF960FB00DABB1A /* pcap.cpp in Sources */,
			);
			runOnlyForDeploymentPostprocessing = 0;
		};
/* End PBXSourcesBuildPhase section */

/* Begin XCBuildConfiguration section */
		649B95E31DF960B500DABB1A /* Debug */ = {
			isa = XCBuildConfiguration;
			buildSettings = {
				ALWAYS_SEARCH_USER_PATHS = NO;
				CLANG_ANALYZER_NONNULL = YES;
				CLANG_CXX_LANGUAGE_STANDARD = "gnu++0x";
				CLANG_CXX_LIBRARY = "libc++";
				CLANG_ENABLE_MODULES = YES;
				CLANG_ENABLE_OBJC_ARC = YES;
				CLANG_WARN_BOOL_CONVERSION = YES;
				CLANG_WARN_CONSTANT_CONVERSION = YES;
				CLANG_WARN_DIRECT_OBJC_ISA_USAGE = YES_ERROR;
				CLANG_WARN_DOCUMENTATION_COMMENTS = YES;
				CLANG_WARN_EMPTY_BODY = YES;
				CLANG_WARN_ENUM_CONVERSION = YES;
				CLANG_WARN_INFINITE_RECURSION = YES;
				CLANG_WARN_INT_CONVERSION = YES;
				CLANG_WARN_OBJC_ROOT_CLASS = YES_ERROR;
				CLANG_WARN_SUSPICIOUS_MOVES = YES;
				CLANG_WARN_UNREACHABLE_CODE = YES;
				CLANG_WARN__DUPLICATE_METHOD_MATCH = YES;
				CODE_SIGN_IDENTITY = "-";
				COPY_PHASE_STRIP = NO;
				DEBUG_INFORMATION_FORMAT = dwarf;
				ENABLE_STRICT_OBJC_MSGSEND = YES;
				ENABLE_TESTABILITY = YES;
				GCC_C_LANGUAGE_STANDARD = gnu99;
				GCC_DYNAMIC_NO_PIC = NO;
				GCC_NO_COMMON_BLOCKS = YES;
				GCC_OPTIMIZATION_LEVEL = 0;
				GCC_PREPROCESSOR_DEFINITIONS = (
					"DEBUG=1",
					"$(inherited)",
					"TARGET_OS_MAC=1",
				);
				GCC_WARN_64_TO_32_BIT_CONVERSION = YES;
				GCC_WARN_ABOUT_RETURN_TYPE = YES_ERROR;
				GCC_WARN_UNDECLARED_SELECTOR = YES;
				GCC_WARN_UNINITIALIZED_AUTOS = YES_AGGRESSIVE;
				GCC_WARN_UNUSED_FUNCTION = YES;
				GCC_WARN_UNUSED_VARIABLE = YES;
				MACOSX_DEPLOYMENT_TARGET = 10.12;
				MTL_ENABLE_DEBUG_INFO = YES;
				ONLY_ACTIVE_ARCH = YES;
				SDKROOT = macosx;
			};
			name = Debug;
		};
		649B95E41DF960B500DABB1A /* Release */ = {
			isa = XCBuildConfiguration;
			buildSettings = {
				ALWAYS_SEARCH_USER_PATHS = NO;
				CLANG_ANALYZER_NONNULL = YES;
				CLANG_CXX_LANGUAGE_STANDARD = "gnu++0x";
				CLANG_CXX_LIBRARY = "libc++";
				CLANG_ENABLE_MODULES = YES;
				CLANG_ENABLE_OBJC_ARC = YES;
				CLANG_WARN_BOOL_CONVERSION = YES;
				CLANG_WARN_CONSTANT_CONVERSION = YES;
				CLANG_WARN_DIRECT_OBJC_ISA_USAGE = YES_ERROR;
				CLANG_WARN_DOCUMENTATION_COMMENTS = YES;
				CLANG_WARN_EMPTY_BODY = YES;
				CLANG_WARN_ENUM_CONVERSION = YES;
				CLANG_WARN_INFINITE_RECURSION = YES;
				CLANG_WARN_INT_CONVERSION = YES;
				CLANG_WARN_OBJC_ROOT_CLASS = YES_ERROR;
				CLANG_WARN_SUSPICIOUS_MOVES = YES;
				CLANG_WARN_UNREACHABLE_CODE = YES;
				CLANG_WARN__DUPLICATE_METHOD_MATCH = YES;
				CODE_SIGN_IDENTITY = "-";
				COPY_PHASE_STRIP = NO;
				DEBUG_INFORMATION_FORMAT = "dwarf-with-dsym";
				ENABLE_NS_ASSERTIONS = NO;
				ENABLE_STRICT_OBJC_MSGSEND = YES;
				GCC_C_LANGUAGE_STANDARD = gnu99;
				GCC_NO_COMMON_BLOCKS = YES;
				GCC_WARN_64_TO_32_BIT_CONVERSION = YES;
				GCC_WARN_ABOUT_RETURN_TYPE = YES_ERROR;
				GCC_WARN_UNDECLARED_SELECTOR = YES;
				GCC_WARN_UNINITIALIZED_AUTOS = YES_AGGRESSIVE;
				GCC_WARN_UNUSED_FUNCTION = YES;
				GCC_WARN_UNUSED_VARIABLE = YES;
				MACOSX_DEPLOYMENT_TARGET = 10.12;
				MTL_ENABLE_DEBUG_INFO = NO;
				SDKROOT = macosx;
			};
			name = Release;
		};
		649B95E61DF960B500DABB1A /* Debug */ = {
			isa = XCBuildConfiguration;
			buildSettings = {
				PRODUCT_NAME = "$(TARGET_NAME)";
			};
			name = Debug;
		};
		649B95E71DF960B500DABB1A /* Release */ = {
			isa = XCBuildConfiguration;
			buildSettings = {
				PRODUCT_NAME = "$(TARGET_NAME)";
			};
			name = Release;
		};
/* End XCBuildConfiguration section */

/* Begin XCConfigurationList section */
		649B95D91DF960B500DABB1A /* Build configuration list for PBXProject "pcap" */ = {
			isa = XCConfigurationList;
			buildConfigurations = (
				649B95E31DF960B500DABB1A /* Debug */,
				649B95E41DF960B500DABB1A /* Release */,
			);
			defaultConfigurationIsVisible = 0;
			defaultConfigurationName = Release;
		};
		649B95E51DF960B500DABB1A /* Build configuration list for PBXNativeTarget "pcap" */ = {
			isa = XCConfigurationList;
			buildConfigurations = (
				649B95E61DF960B500DABB1A /* Debug */,
				649B95E71DF960B500DABB1A /* Release */,
			);
			defaultConfigurationIsVisible = 0;
			defaultConfigurationName = Release;
		};
/* End XCConfigurationList section */
	};
	rootObject = 649B95D61DF960B500DABB1A /* Project object */;
}
